
Microsoft Visual Studio Solution File, Format Version 12.00
# Visual Studio Version 17
VisualStudioVersion = 17.2.32630.192
MinimumVisualStudioVersion = 10.0.40219.1
Project("{9A19103F-16F7-4668-BE54-9A1E7A4F7556}") = "Zoho Middleware", "TransACT Zoho Middleware\Zoho Middleware.csproj", "{8D815257-914E-412A-B26D-CF742A7840C7}"
EndProject
Global
	GlobalSection(SolutionConfigurationPlatforms) = preSolution
		Debug|Any CPU = Debug|Any CPU
		Release|Any CPU = Release|Any CPU
	EndGlobalSection
	GlobalSection(ProjectConfigurationPlatforms) = postSolution
		{8D815257-914E-412A-B26D-CF742A7840C7}.Debug|Any CPU.ActiveCfg = Debug|Any CPU
		{8D815257-914E-412A-B26D-CF742A7840C7}.Debug|Any CPU.Build.0 = Debug|Any CPU
		{8D815257-914E-412A-B26D-CF742A7840C7}.Release|Any CPU.ActiveCfg = Release|Any CPU
		{8D815257-914E-412A-B26D-CF742A7840C7}.Release|Any CPU.Build.0 = Release|Any CPU
	EndGlobalSection
	GlobalSection(SolutionProperties) = preSolution
		HideSolutionNode = FALSE
	EndGlobalSection
	GlobalSection(ExtensibilityGlobals) = postSolution
		SolutionGuid = {3DCE9D0D-D4A9-4966-9FBB-06F474EB7D41}
	EndGlobalSection
EndGlobal
